{
  "nodes": {
    "home-manager": {
      "inputs": {
        "nixpkgs": [
          "nixpkgs"
        ]
      },
      "locked": {
        "lastModified": 1747340209,
        "narHash": "sha256-tUiXrwlJoG3dzJ+fSwv1S3VPU5ODSPZJHoBmlu4t344=",
        "owner": "nix-community",
        "repo": "home-manager",
        "rev": "098e365dd83311cc8236f83ea6be42abb49a6c76",
        "type": "github"
      },
      "original": {
        "owner": "nix-community",
        "repo": "home-manager",
        "type": "github"
      }
    },
    "nixpkgs": {
      "locked": {
        "lastModified": 1747312588,
        "narHash": "sha256-MmJvj6mlWzeRwKGLcwmZpKaOPZ5nJb/6al5CXqJsgjo=",
        "owner": "nixos",
        "repo": "nixpkgs",
        "rev": "b1bebd0fe266bbd1820019612ead889e96a8fa2d",
        "type": "github"
      },
      "original": {
        "owner": "nixos",
        "ref": "nixpkgs-unstable",
        "repo": "nixpkgs",
        "type": "github"
      }
    },
    "root": {
      "inputs": {
        "home-manager": "home-manager",
        "nixpkgs": "nixpkgs"
      }
    }
  },
  "root": "root",
  "version": 7
}
